
Microsoft Visual Studio Solution File, Format Version 12.00
# Visual Studio 15
VisualStudioVersion = 15.0.28307.1500
MinimumVisualStudioVersion = 10.0.40219.1
Project("{FAE04EC0-301F-11D3-BF4B-00C04F79EFBC}") = "MvcCvSayfam", "MvcCvSayfam\MvcCvSayfam.csproj", "{8115366A-D35D-4792-A461-B9CBDEBB393B}"
EndProject
Global
	GlobalSection(SolutionConfigurationPlatforms) = preSolution
		Debug|Any CPU = Debug|Any CPU
		Release|Any CPU = Release|Any CPU
	EndGlobalSection
	GlobalSection(ProjectConfigurationPlatforms) = postSolution
		{8115366A-D35D-4792-A461-B9CBDEBB393B}.Debug|Any CPU.ActiveCfg = Debug|Any CPU
		{8115366A-D35D-4792-A461-B9CBDEBB393B}.Debug|Any CPU.Build.0 = Debug|Any CPU
		{8115366A-D35D-4792-A461-B9CBDEBB393B}.Release|Any CPU.ActiveCfg = Release|Any CPU
		{8115366A-D35D-4792-A461-B9CBDEBB393B}.Release|Any CPU.Build.0 = Release|Any CPU
	EndGlobalSection
	GlobalSection(SolutionProperties) = preSolution
		HideSolutionNode = FALSE
	EndGlobalSection
	GlobalSection(ExtensibilityGlobals) = postSolution
		SolutionGuid = {505841B0-0AD3-42F6-899C-7217A1E94233}
	EndGlobalSection
EndGlobal
